
Microsoft Visual Studio Solution File, Format Version 12.00
# Visual Studio Version 17
VisualStudioVersion = 17.8.34322.80
MinimumVisualStudioVersion = 10.0.40219.1
Project("{FAE04EC0-301F-11D3-BF4B-00C04F79EFBC}") = "PR16", "PR16\PR16.csproj", "{81F8A2CD-13C9-41F6-AA91-096651817CAE}"
EndProject
Global
	GlobalSection(SolutionConfigurationPlatforms) = preSolution
		Debug|Any CPU = Debug|Any CPU
		Release|Any CPU = Release|Any CPU
	EndGlobalSection
	GlobalSection(ProjectConfigurationPlatforms) = postSolution
		{81F8A2CD-13C9-41F6-AA91-096651817CAE}.Debug|Any CPU.ActiveCfg = Debug|Any CPU
		{81F8A2CD-13C9-41F6-AA91-096651817CAE}.Debug|Any CPU.Build.0 = Debug|Any CPU
		{81F8A2CD-13C9-41F6-AA91-096651817CAE}.Release|Any CPU.ActiveCfg = Release|Any CPU
		{81F8A2CD-13C9-41F6-AA91-096651817CAE}.Release|Any CPU.Build.0 = Release|Any CPU
	EndGlobalSection
	GlobalSection(SolutionProperties) = preSolution
		HideSolutionNode = FALSE
	EndGlobalSection
	GlobalSection(ExtensibilityGlobals) = postSolution
		SolutionGuid = {5BDC0CFB-B38C-4AB9-8B70-62394C9D2A47}
	EndGlobalSection
EndGlobal
